{
  "originHash" : "72caa7f80fc467d9e2b33dd7e92ec9bdbefc453c10a6d7666118cfdfae3df158",
  "pins" : [
    {
      "identity" : "grdb.swift",
      "kind" : "remoteSourceControl",
      "location" : "https://github.com/groue/GRDB.swift",
      "state" : {
        "revision" : "2cf6c756e1e5ef6901ebae16576a7e4e4b834622",
        "version" : "6.29.3"
      }
    },
    {
      "identity" : "mercantis.core.app",
      "kind" : "remoteSourceControl",
      "location" : "https://github.com/KevinBusuttil/mercantis.core.app",
      "state" : {
        "branch" : "claude/trusting-babbage-b0t6er",
        "revision" : "73a09fdce46902c65c16bc6869a94d8b1e84816b"
      }
    },
    {
      "identity" : "swift-argument-parser",
      "kind" : "remoteSourceControl",
      "location" : "https://github.com/apple/swift-argument-parser",
      "state" : {
        "revision" : "626b5b7b2f45e1b0b1c6f4a309296d1d21d7311b",
        "version" : "1.7.1"
      }
    }
  ],
  "version" : 3
}
